
Microsoft Visual Studio Solution File, Format Version 12.00
# Visual Studio Version 17
VisualStudioVersion = 17.8.34330.188
MinimumVisualStudioVersion = 10.0.40219.1
Project("{8BC9CEB8-8B4A-11D0-8D11-00A0C91BC942}") = "11_난수", "11_난수.vcxproj", "{CF25EE4C-0FCE-42CF-9488-1FAF6DB87E36}"
EndProject
Global
	GlobalSection(SolutionConfigurationPlatforms) = preSolution
		Debug|x64 = Debug|x64
		Debug|x86 = Debug|x86
		Release|x64 = Release|x64
		Release|x86 = Release|x86
	EndGlobalSection
	GlobalSection(ProjectConfigurationPlatforms) = postSolution
		{CF25EE4C-0FCE-42CF-9488-1FAF6DB87E36}.Debug|x64.ActiveCfg = Debug|x64
		{CF25EE4C-0FCE-42CF-9488-1FAF6DB87E36}.Debug|x64.Build.0 = Debug|x64
		{CF25EE4C-0FCE-42CF-9488-1FAF6DB87E36}.Debug|x86.ActiveCfg = Debug|Win32
		{CF25EE4C-0FCE-42CF-9488-1FAF6DB87E36}.Debug|x86.Build.0 = Debug|Win32
		{CF25EE4C-0FCE-42CF-9488-1FAF6DB87E36}.Release|x64.ActiveCfg = Release|x64
		{CF25EE4C-0FCE-42CF-9488-1FAF6DB87E36}.Release|x64.Build.0 = Release|x64
		{CF25EE4C-0FCE-42CF-9488-1FAF6DB87E36}.Release|x86.ActiveCfg = Release|Win32
		{CF25EE4C-0FCE-42CF-9488-1FAF6DB87E36}.Release|x86.Build.0 = Release|Win32
	EndGlobalSection
	GlobalSection(SolutionProperties) = preSolution
		HideSolutionNode = FALSE
	EndGlobalSection
	GlobalSection(ExtensibilityGlobals) = postSolution
		SolutionGuid = {92A46DA4-2749-4CE4-90CE-9190D27B78B0}
	EndGlobalSection
EndGlobal
